
Microsoft Visual Studio Solution File, Format Version 12.00
# Visual Studio Version 17
VisualStudioVersion = 17.11.35327.3
MinimumVisualStudioVersion = 10.0.40219.1
Project("{FAE04EC0-301F-11D3-BF4B-00C04F79EFBC}") = "ERPForAll", "ERPForAll\ERPForAll.csproj", "{DF1BA52C-7F68-4682-B800-9B147678A7DA}"
EndProject
Global
	GlobalSection(SolutionConfigurationPlatforms) = preSolution
		Debug|Any CPU = Debug|Any CPU
		Release|Any CPU = Release|Any CPU
	EndGlobalSection
	GlobalSection(ProjectConfigurationPlatforms) = postSolution
		{DF1BA52C-7F68-4682-B800-9B147678A7DA}.Debug|Any CPU.ActiveCfg = Debug|Any CPU
		{DF1BA52C-7F68-4682-B800-9B147678A7DA}.Debug|Any CPU.Build.0 = Debug|Any CPU
		{DF1BA52C-7F68-4682-B800-9B147678A7DA}.Release|Any CPU.ActiveCfg = Release|Any CPU
		{DF1BA52C-7F68-4682-B800-9B147678A7DA}.Release|Any CPU.Build.0 = Release|Any CPU
	EndGlobalSection
	GlobalSection(SolutionProperties) = preSolution
		HideSolutionNode = FALSE
	EndGlobalSection
	GlobalSection(ExtensibilityGlobals) = postSolution
		SolutionGuid = {95749108-8EE3-4954-B21E-68D3B9C062FD}
	EndGlobalSection
EndGlobal
